
Microsoft Visual Studio Solution File, Format Version 12.00
# Visual Studio 2013
VisualStudioVersion = 12.0.30723.0
MinimumVisualStudioVersion = 10.0.40219.1
Project("{FAE04EC0-301F-11D3-BF4B-00C04F79EFBC}") = "WebApplication1", "WebApplication1\WebApplication1.csproj", "{59265753-D68F-4E21-A2B8-7FA16F1E88F0}"
EndProject
Project("{FAE04EC0-301F-11D3-BF4B-00C04F79EFBC}") = "WcfService1", "WcfService1\WcfService1.csproj", "{BCE42A10-8042-4DB3-B947-6AFDE64DE980}"
EndProject
Project("{00D1A9C2-B5F0-4AF3-8072-F6C62B433612}") = "Database1", "Database1\Database1.sqlproj", "{BD5DBF0C-937F-4A09-AD1C-794BA5FD84F2}"
EndProject
Global
	GlobalSection(SolutionConfigurationPlatforms) = preSolution
		Debug|Any CPU = Debug|Any CPU
		Release|Any CPU = Release|Any CPU
	EndGlobalSection
	GlobalSection(ProjectConfigurationPlatforms) = postSolution
		{59265753-D68F-4E21-A2B8-7FA16F1E88F0}.Debug|Any CPU.ActiveCfg = Debug|Any CPU
		{59265753-D68F-4E21-A2B8-7FA16F1E88F0}.Debug|Any CPU.Build.0 = Debug|Any CPU
		{59265753-D68F-4E21-A2B8-7FA16F1E88F0}.Release|Any CPU.ActiveCfg = Release|Any CPU
		{59265753-D68F-4E21-A2B8-7FA16F1E88F0}.Release|Any CPU.Build.0 = Release|Any CPU
		{BCE42A10-8042-4DB3-B947-6AFDE64DE980}.Debug|Any CPU.ActiveCfg = Debug|Any CPU
		{BCE42A10-8042-4DB3-B947-6AFDE64DE980}.Debug|Any CPU.Build.0 = Debug|Any CPU
		{BCE42A10-8042-4DB3-B947-6AFDE64DE980}.Release|Any CPU.ActiveCfg = Release|Any CPU
		{BCE42A10-8042-4DB3-B947-6AFDE64DE980}.Release|Any CPU.Build.0 = Release|Any CPU
		{BD5DBF0C-937F-4A09-AD1C-794BA5FD84F2}.Debug|Any CPU.ActiveCfg = Debug|Any CPU
		{BD5DBF0C-937F-4A09-AD1C-794BA5FD84F2}.Debug|Any CPU.Build.0 = Debug|Any CPU
		{BD5DBF0C-937F-4A09-AD1C-794BA5FD84F2}.Debug|Any CPU.Deploy.0 = Debug|Any CPU
		{BD5DBF0C-937F-4A09-AD1C-794BA5FD84F2}.Release|Any CPU.ActiveCfg = Release|Any CPU
		{BD5DBF0C-937F-4A09-AD1C-794BA5FD84F2}.Release|Any CPU.Build.0 = Release|Any CPU
		{BD5DBF0C-937F-4A09-AD1C-794BA5FD84F2}.Release|Any CPU.Deploy.0 = Release|Any CPU
	EndGlobalSection
	GlobalSection(SolutionProperties) = preSolution
		HideSolutionNode = FALSE
	EndGlobalSection
EndGlobal
